
Microsoft Visual Studio Solution File, Format Version 12.00
# Visual Studio Version 16
VisualStudioVersion = 16.0.30225.117
MinimumVisualStudioVersion = 10.0.40219.1
Project("{9A19103F-16F7-4668-BE54-9A1E7A4F7556}") = "GC", "GC.csproj", "{840821AE-C4EA-4AA9-BC4A-009468C12E34}"
EndProject
Global
	GlobalSection(SolutionConfigurationPlatforms) = preSolution
		Debug|Any CPU = Debug|Any CPU
		Release|Any CPU = Release|Any CPU
	EndGlobalSection
	GlobalSection(ProjectConfigurationPlatforms) = postSolution
		{840821AE-C4EA-4AA9-BC4A-009468C12E34}.Debug|Any CPU.ActiveCfg = Debug|Any CPU
		{840821AE-C4EA-4AA9-BC4A-009468C12E34}.Debug|Any CPU.Build.0 = Debug|Any CPU
		{840821AE-C4EA-4AA9-BC4A-009468C12E34}.Release|Any CPU.ActiveCfg = Release|Any CPU
		{840821AE-C4EA-4AA9-BC4A-009468C12E34}.Release|Any CPU.Build.0 = Release|Any CPU
	EndGlobalSection
	GlobalSection(SolutionProperties) = preSolution
		HideSolutionNode = FALSE
	EndGlobalSection
	GlobalSection(ExtensibilityGlobals) = postSolution
		SolutionGuid = {CE268266-E573-49CC-9B12-B0938C6CF258}
	EndGlobalSection
EndGlobal
